
Microsoft Visual Studio Solution File, Format Version 12.00
# Visual Studio Version 16
VisualStudioVersion = 16.0.31321.278
MinimumVisualStudioVersion = 10.0.40219.1
Project("{FAE04EC0-301F-11D3-BF4B-00C04F79EFBC}") = "ritualRewards", "ritualRewards.csproj", "{2387790C-1903-4AB4-80AA-1B65C26F41A1}"
EndProject
Global
	GlobalSection(SolutionConfigurationPlatforms) = preSolution
		Debug|Any CPU = Debug|Any CPU
		Release|Any CPU = Release|Any CPU
	EndGlobalSection
	GlobalSection(ProjectConfigurationPlatforms) = postSolution
		{2387790C-1903-4AB4-80AA-1B65C26F41A1}.Debug|Any CPU.ActiveCfg = Debug|Any CPU
		{2387790C-1903-4AB4-80AA-1B65C26F41A1}.Debug|Any CPU.Build.0 = Debug|Any CPU
		{2387790C-1903-4AB4-80AA-1B65C26F41A1}.Release|Any CPU.ActiveCfg = Release|Any CPU
		{2387790C-1903-4AB4-80AA-1B65C26F41A1}.Release|Any CPU.Build.0 = Release|Any CPU
	EndGlobalSection
	GlobalSection(SolutionProperties) = preSolution
		HideSolutionNode = FALSE
	EndGlobalSection
	GlobalSection(ExtensibilityGlobals) = postSolution
		SolutionGuid = {98B5E0A7-0565-4A26-9533-B2949E17CD5B}
	EndGlobalSection
EndGlobal
